
Microsoft Visual Studio Solution File, Format Version 12.00
# Visual Studio Version 17
VisualStudioVersion = 17.7.34202.233
MinimumVisualStudioVersion = 10.0.40219.1
Project("{FAE04EC0-301F-11D3-BF4B-00C04F79EFBC}") = "PruebaSmartTalent", "PruebaSmartTalent.csproj", "{609BA191-1C20-4983-A752-02CC42896FD0}"
EndProject
Project("{FAE04EC0-301F-11D3-BF4B-00C04F79EFBC}") = "Entidades", "..\Entidades\Entidades.csproj", "{85EF7DAC-8048-48B0-B5D4-6E88AEA0B540}"
EndProject
Project("{FAE04EC0-301F-11D3-BF4B-00C04F79EFBC}") = "AccesoDatos", "..\AccesoDatos\AccesoDatos.csproj", "{05EA0331-CB76-4917-AED7-FAEAF9B7EFE4}"
EndProject
Global
	GlobalSection(SolutionConfigurationPlatforms) = preSolution
		Debug|Any CPU = Debug|Any CPU
		Release|Any CPU = Release|Any CPU
	EndGlobalSection
	GlobalSection(ProjectConfigurationPlatforms) = postSolution
		{609BA191-1C20-4983-A752-02CC42896FD0}.Debug|Any CPU.ActiveCfg = Debug|Any CPU
		{609BA191-1C20-4983-A752-02CC42896FD0}.Debug|Any CPU.Build.0 = Debug|Any CPU
		{609BA191-1C20-4983-A752-02CC42896FD0}.Release|Any CPU.ActiveCfg = Release|Any CPU
		{609BA191-1C20-4983-A752-02CC42896FD0}.Release|Any CPU.Build.0 = Release|Any CPU
		{85EF7DAC-8048-48B0-B5D4-6E88AEA0B540}.Debug|Any CPU.ActiveCfg = Debug|Any CPU
		{85EF7DAC-8048-48B0-B5D4-6E88AEA0B540}.Debug|Any CPU.Build.0 = Debug|Any CPU
		{85EF7DAC-8048-48B0-B5D4-6E88AEA0B540}.Release|Any CPU.ActiveCfg = Release|Any CPU
		{85EF7DAC-8048-48B0-B5D4-6E88AEA0B540}.Release|Any CPU.Build.0 = Release|Any CPU
		{05EA0331-CB76-4917-AED7-FAEAF9B7EFE4}.Debug|Any CPU.ActiveCfg = Debug|Any CPU
		{05EA0331-CB76-4917-AED7-FAEAF9B7EFE4}.Debug|Any CPU.Build.0 = Debug|Any CPU
		{05EA0331-CB76-4917-AED7-FAEAF9B7EFE4}.Release|Any CPU.ActiveCfg = Release|Any CPU
		{05EA0331-CB76-4917-AED7-FAEAF9B7EFE4}.Release|Any CPU.Build.0 = Release|Any CPU
	EndGlobalSection
	GlobalSection(SolutionProperties) = preSolution
		HideSolutionNode = FALSE
	EndGlobalSection
	GlobalSection(ExtensibilityGlobals) = postSolution
		SolutionGuid = {BE8E9221-B566-4E29-AEAE-1C7D0AC02B54}
	EndGlobalSection
EndGlobal
